PODS:
  - ECPhoneNumberFormatter (0.1.1)
  - FontAwesomeKit (2.1.3):
    - FontAwesomeKit/Core
    - FontAwesomeKit/FontAwesome
    - FontAwesomeKit/FoundationIcons
    - FontAwesomeKit/IonIcons
    - FontAwesomeKit/Zocial
  - FontAwesomeKit/Core (2.1.3)
  - FontAwesomeKit/FontAwesome (2.1.3):
    - FontAwesomeKit/Core
  - FontAwesomeKit/FoundationIcons (2.1.3):
    - FontAwesomeKit/Core
  - FontAwesomeKit/IonIcons (2.1.3):
    - FontAwesomeKit/Core
  - FontAwesomeKit/Zocial (2.1.3):
    - FontAwesomeKit/Core
  - TWMessageBarManager (1.3.0)
  - UIAlertView+Blocks (0.7)

DEPENDENCIES:
  - ECPhoneNumberFormatter
  - FontAwesomeKit
  - TWMessageBarManager
  - UIAlertView+Blocks

SPEC CHECKSUMS:
  ECPhoneNumberFormatter: 6da090a89f87e784b6bdc058d86cc40e5ef17e79
  FontAwesomeKit: 6aae55f9758b24d44a7ddaf4dc00dc8d23dff99a
  TWMessageBarManager: 82343e43813dba4e66e75bc73d265a361a661eed
  UIAlertView+Blocks: 7e876c2bace976306640443745b57912565d840d

COCOAPODS: 0.26.2
